
Microsoft Visual Studio Solution File, Format Version 12.00
# Visual Studio Version 16
VisualStudioVersion = 16.0.28803.156
MinimumVisualStudioVersion = 10.0.40219.1
Project("{2150E333-8FDC-42A3-9474-1A3956D46DE8}") = "src", "src", "{90A2D9B7-E89D-4903-955D-5D445EE8CAE6}"
EndProject
Project("{2150E333-8FDC-42A3-9474-1A3956D46DE8}") = "tests", "tests", "{0FD8F674-6FED-453B-8F98-5E7914B08A35}"
EndProject
Project("{9A19103F-16F7-4668-BE54-9A1E7A4F7556}") = "RaceTrace.Tests", "tests\RaceTrace.Tests\RaceTrace.Tests.csproj", "{B66FDE2C-9582-41D0-B1E2-EC775239B9D5}"
EndProject
Project("{2150E333-8FDC-42A3-9474-1A3956D46DE8}") = ".solution.directory", ".solution.directory", "{F2ED5FA7-3BB0-414A-8552-12DDDA65BC91}"
	ProjectSection(SolutionItems) = preProject
		Directory.Build.props = Directory.Build.props
		Version.props = Version.props
	EndProjectSection
EndProject
Project("{2150E333-8FDC-42A3-9474-1A3956D46DE8}") = ".src.directory", ".src.directory", "{8E5488D8-A7F9-4237-B545-E6C77778660F}"
	ProjectSection(SolutionItems) = preProject
		src\Directory.Build.props = src\Directory.Build.props
	EndProjectSection
EndProject
Project("{9A19103F-16F7-4668-BE54-9A1E7A4F7556}") = "Infrastructure.Contracts", "src\Infrastructure.Contracts\Infrastructure.Contracts.csproj", "{106CA14D-232B-4888-B377-BEC318A30525}"
EndProject
Project("{9A19103F-16F7-4668-BE54-9A1E7A4F7556}") = "Infrastructure", "src\Infrastructure\Infrastructure.csproj", "{CCB18EEC-EA9A-4471-AC77-7CF9D988EF73}"
EndProject
Project("{9A19103F-16F7-4668-BE54-9A1E7A4F7556}") = "Core", "src\Core\Core.csproj", "{C82634B2-6CC9-4DF9-BC40-5CB0EB21B8FF}"
EndProject
Project("{FAE04EC0-301F-11D3-BF4B-00C04F79EFBC}") = "Client", "src\Client\Client.csproj", "{B4AD5A14-DAE6-4162-B841-568218108132}"
EndProject
Global
	GlobalSection(SolutionConfigurationPlatforms) = preSolution
		Debug|Any CPU = Debug|Any CPU
		Release|Any CPU = Release|Any CPU
	EndGlobalSection
	GlobalSection(ProjectConfigurationPlatforms) = postSolution
		{B66FDE2C-9582-41D0-B1E2-EC775239B9D5}.Debug|Any CPU.ActiveCfg = Debug|Any CPU
		{B66FDE2C-9582-41D0-B1E2-EC775239B9D5}.Debug|Any CPU.Build.0 = Debug|Any CPU
		{B66FDE2C-9582-41D0-B1E2-EC775239B9D5}.Release|Any CPU.ActiveCfg = Release|Any CPU
		{B66FDE2C-9582-41D0-B1E2-EC775239B9D5}.Release|Any CPU.Build.0 = Release|Any CPU
		{106CA14D-232B-4888-B377-BEC318A30525}.Debug|Any CPU.ActiveCfg = Debug|Any CPU
		{106CA14D-232B-4888-B377-BEC318A30525}.Debug|Any CPU.Build.0 = Debug|Any CPU
		{106CA14D-232B-4888-B377-BEC318A30525}.Release|Any CPU.ActiveCfg = Release|Any CPU
		{106CA14D-232B-4888-B377-BEC318A30525}.Release|Any CPU.Build.0 = Release|Any CPU
		{CCB18EEC-EA9A-4471-AC77-7CF9D988EF73}.Debug|Any CPU.ActiveCfg = Debug|Any CPU
		{CCB18EEC-EA9A-4471-AC77-7CF9D988EF73}.Debug|Any CPU.Build.0 = Debug|Any CPU
		{CCB18EEC-EA9A-4471-AC77-7CF9D988EF73}.Release|Any CPU.ActiveCfg = Release|Any CPU
		{CCB18EEC-EA9A-4471-AC77-7CF9D988EF73}.Release|Any CPU.Build.0 = Release|Any CPU
		{C82634B2-6CC9-4DF9-BC40-5CB0EB21B8FF}.Debug|Any CPU.ActiveCfg = Debug|Any CPU
		{C82634B2-6CC9-4DF9-BC40-5CB0EB21B8FF}.Debug|Any CPU.Build.0 = Debug|Any CPU
		{C82634B2-6CC9-4DF9-BC40-5CB0EB21B8FF}.Release|Any CPU.ActiveCfg = Release|Any CPU
		{C82634B2-6CC9-4DF9-BC40-5CB0EB21B8FF}.Release|Any CPU.Build.0 = Release|Any CPU
		{B4AD5A14-DAE6-4162-B841-568218108132}.Debug|Any CPU.ActiveCfg = Debug|Any CPU
		{B4AD5A14-DAE6-4162-B841-568218108132}.Debug|Any CPU.Build.0 = Debug|Any CPU
		{B4AD5A14-DAE6-4162-B841-568218108132}.Release|Any CPU.ActiveCfg = Release|Any CPU
		{B4AD5A14-DAE6-4162-B841-568218108132}.Release|Any CPU.Build.0 = Release|Any CPU
	EndGlobalSection
	GlobalSection(SolutionProperties) = preSolution
		HideSolutionNode = FALSE
	EndGlobalSection
	GlobalSection(NestedProjects) = preSolution
		{B66FDE2C-9582-41D0-B1E2-EC775239B9D5} = {0FD8F674-6FED-453B-8F98-5E7914B08A35}
		{106CA14D-232B-4888-B377-BEC318A30525} = {90A2D9B7-E89D-4903-955D-5D445EE8CAE6}
		{CCB18EEC-EA9A-4471-AC77-7CF9D988EF73} = {90A2D9B7-E89D-4903-955D-5D445EE8CAE6}
		{C82634B2-6CC9-4DF9-BC40-5CB0EB21B8FF} = {90A2D9B7-E89D-4903-955D-5D445EE8CAE6}
		{B4AD5A14-DAE6-4162-B841-568218108132} = {90A2D9B7-E89D-4903-955D-5D445EE8CAE6}
	EndGlobalSection
	GlobalSection(ExtensibilityGlobals) = postSolution
		SolutionGuid = {A7AAADBA-1B17-488D-A2BC-F7273DD3060E}
	EndGlobalSection
EndGlobal
